
Microsoft Visual Studio Solution File, Format Version 12.00
# Visual Studio 15
VisualStudioVersion = 15.0.28307.1259
MinimumVisualStudioVersion = 10.0.40219.1
Project("{FAE04EC0-301F-11D3-BF4B-00C04F79EFBC}") = "FirstApplication", "FirstApplication\FirstApplication.csproj", "{DE19490D-9673-431E-9977-BD7017C1824C}"
EndProject
Project("{FAE04EC0-301F-11D3-BF4B-00C04F79EFBC}") = "SecondApplication", "SecondApplication\SecondApplication.csproj", "{194CA56B-1957-48D1-A9D7-09E75FA4FF10}"
EndProject
Project("{FAE04EC0-301F-11D3-BF4B-00C04F79EFBC}") = "FlowControl", "FlowControl\FlowControl.csproj", "{2D30BC66-9A1A-43AE-AA97-EFF09AE27485}"
EndProject
Global
	GlobalSection(SolutionConfigurationPlatforms) = preSolution
		Debug|Any CPU = Debug|Any CPU
		Release|Any CPU = Release|Any CPU
	EndGlobalSection
	GlobalSection(ProjectConfigurationPlatforms) = postSolution
		{DE19490D-9673-431E-9977-BD7017C1824C}.Debug|Any CPU.ActiveCfg = Debug|Any CPU
		{DE19490D-9673-431E-9977-BD7017C1824C}.Debug|Any CPU.Build.0 = Debug|Any CPU
		{DE19490D-9673-431E-9977-BD7017C1824C}.Release|Any CPU.ActiveCfg = Release|Any CPU
		{DE19490D-9673-431E-9977-BD7017C1824C}.Release|Any CPU.Build.0 = Release|Any CPU
		{194CA56B-1957-48D1-A9D7-09E75FA4FF10}.Debug|Any CPU.ActiveCfg = Debug|Any CPU
		{194CA56B-1957-48D1-A9D7-09E75FA4FF10}.Debug|Any CPU.Build.0 = Debug|Any CPU
		{194CA56B-1957-48D1-A9D7-09E75FA4FF10}.Release|Any CPU.ActiveCfg = Release|Any CPU
		{194CA56B-1957-48D1-A9D7-09E75FA4FF10}.Release|Any CPU.Build.0 = Release|Any CPU
		{2D30BC66-9A1A-43AE-AA97-EFF09AE27485}.Debug|Any CPU.ActiveCfg = Debug|Any CPU
		{2D30BC66-9A1A-43AE-AA97-EFF09AE27485}.Debug|Any CPU.Build.0 = Debug|Any CPU
		{2D30BC66-9A1A-43AE-AA97-EFF09AE27485}.Release|Any CPU.ActiveCfg = Release|Any CPU
		{2D30BC66-9A1A-43AE-AA97-EFF09AE27485}.Release|Any CPU.Build.0 = Release|Any CPU
	EndGlobalSection
	GlobalSection(SolutionProperties) = preSolution
		HideSolutionNode = FALSE
	EndGlobalSection
	GlobalSection(ExtensibilityGlobals) = postSolution
		SolutionGuid = {C7B97020-CF98-4758-A594-4D38CC4DD11D}
	EndGlobalSection
EndGlobal
